
Microsoft Visual Studio Solution File, Format Version 12.00
# Visual Studio 14
VisualStudioVersion = 14.0.25420.1
MinimumVisualStudioVersion = 10.0.40219.1
Project("{F184B08F-C81C-45F6-A57F-5ABD9991F28F}") = "SCFramework", "SCFramework.vbproj", "{B0DABCBD-4DDE-41E7-A4C7-B985E6727D69}"
EndProject
Project("{2150E333-8FDC-42A3-9474-1A3956D46DE8}") = "Solution Items", "Solution Items", "{B03D24EC-D262-4284-8C7D-4A43B4B1002A}"
	ProjectSection(SolutionItems) = preProject
		README.md = README.md
	EndProjectSection
EndProject
Project("{F184B08F-C81C-45F6-A57F-5ABD9991F28F}") = "Test", "..\Test\Test.vbproj", "{A9F8C69D-B3B4-4B22-9F6D-02CC46A04112}"
EndProject
Global
	GlobalSection(SolutionConfigurationPlatforms) = preSolution
		Debug|Any CPU = Debug|Any CPU
		Release|Any CPU = Release|Any CPU
	EndGlobalSection
	GlobalSection(ProjectConfigurationPlatforms) = postSolution
		{B0DABCBD-4DDE-41E7-A4C7-B985E6727D69}.Debug|Any CPU.ActiveCfg = Debug|Any CPU
		{B0DABCBD-4DDE-41E7-A4C7-B985E6727D69}.Debug|Any CPU.Build.0 = Debug|Any CPU
		{B0DABCBD-4DDE-41E7-A4C7-B985E6727D69}.Release|Any CPU.ActiveCfg = Release|Any CPU
		{B0DABCBD-4DDE-41E7-A4C7-B985E6727D69}.Release|Any CPU.Build.0 = Release|Any CPU
		{A9F8C69D-B3B4-4B22-9F6D-02CC46A04112}.Debug|Any CPU.ActiveCfg = Debug|Any CPU
		{A9F8C69D-B3B4-4B22-9F6D-02CC46A04112}.Debug|Any CPU.Build.0 = Debug|Any CPU
		{A9F8C69D-B3B4-4B22-9F6D-02CC46A04112}.Release|Any CPU.ActiveCfg = Release|Any CPU
		{A9F8C69D-B3B4-4B22-9F6D-02CC46A04112}.Release|Any CPU.Build.0 = Release|Any CPU
	EndGlobalSection
	GlobalSection(SolutionProperties) = preSolution
		HideSolutionNode = FALSE
	EndGlobalSection
EndGlobal
